PODS:
  - InputMask (4.3.0)
  - iOSReusableExtensions (1.0.10):
    - InputMask (~> 4.0)

DEPENDENCIES:
  - InputMask (~> 4.0)
  - iOSReusableExtensions

SPEC REPOS:
  https://github.com/adviqo-GmbH/iOSPodSpecs.git:
    - iOSReusableExtensions
  https://github.com/CocoaPods/Specs.git:
    - InputMask

SPEC CHECKSUMS:
  InputMask: 3674235e12cc52e769b01b2f35d6bbc94cd059c7
  iOSReusableExtensions: 253770bf979b627ccb08bcf2be8f794e980c9a9b

PODFILE CHECKSUM: 519814a4669cfbfdb9e154149c8ca5b905135075

COCOAPODS: 1.8.3
